<?xml version="1.0" encoding="utf-8"?>
<Project ToolsVersion="4.0" xmlns="http://schemas.microsoft.com/developer/msbuild/2003">
  <ItemGroup>
    <Filter Include="Source Files">
      <UniqueIdentifier>{4FC737F1-C7A5-4376-A066-2A32D752A2FF}</UniqueIdentifier>
      <Extensions>cpp;c;cc;cxx;def;odl;idl;hpj;bat;asm;asmx</Extensions>
    </Filter>
    <Filter Include="Header Files">
      <UniqueIdentifier>{93995380-89BD-4b04-88EB-625FBE52EBFB}</UniqueIdentifier>
      <Extensions>h;hh;hpp;hxx;hm;inl;inc;ipp;xsd</Extensions>
    </Filter>
    <Filter Include="Resource Files">
      <UniqueIdentifier>{67DA6AB6-F800-4c08-8B7A-83BB121AAD01}</UniqueIdentifier>
      <Extensions>rc;ico;cur;bmp;dlg;rc2;rct;bin;rgs;gif;jpg;jpeg;jpe;resx;tiff;tif;png;wav;mfcribbon-ms</Extensions>
    </Filter>
    <Filter Include="Source Files\To-Matrix">
      <UniqueIdentifier>{2e8f3bdc-a115-47e8-a782-8605b291417d}</UniqueIdentifier>
    </Filter>
    <Filter Include="Source Files\To-Matrix\DistanceCalculator">
      <UniqueIdentifier>{8657bd5e-f55e-4aaf-9eba-f40c27a8971e}</UniqueIdentifier>
    </Filter>
    <Filter Include="Source Files\Tree-Analysis">
      <UniqueIdentifier>{5153b0bc-e722-4905-941a-e9117fb02593}</UniqueIdentifier>
    </Filter>
    <Filter Include="Source Files\To-Matrix\Sequence_Data_Processing">
      <UniqueIdentifier>{4b4a6321-059d-42b4-b495-4530573764d3}</UniqueIdentifier>
    </Filter>
    <Filter Include="Source Files\To-Matrix\DistanceCalculator\CalculatorTools">
      <UniqueIdentifier>{89eee04b-4c25-40d9-8a79-06c86be217c9}</UniqueIdentifier>
    </Filter>
    <Filter Include="Source Files\To-Matrix\DistanceCalculator\DerivedCalculators">
      <UniqueIdentifier>{7c6cd731-c389-44ad-b6cd-8677ea174188}</UniqueIdentifier>
    </Filter>
    <Filter Include="Source Files\To-Matrix\DistanceCalculator\BaseCalculators">
      <UniqueIdentifier>{a5da8a1c-4e0f-448a-9360-ef244077719b}</UniqueIdentifier>
    </Filter>
    <Filter Include="Source Files\To-Matrix\Sequence_Data_Processing\NamingStrategy">
      <UniqueIdentifier>{3b5cb37e-07f1-49a4-b48f-b16f7aaaafc2}</UniqueIdentifier>
    </Filter>
    <Filter Include="Source Files\To-Matrix\DistanceCalculator\BaseCalculators\CalculatorCreation">
      <UniqueIdentifier>{11f41f05-de77-4349-9a21-a373498c2478}</UniqueIdentifier>
    </Filter>
    <Filter Include="Source Files\Tree-Analysis\AnalysisStrategy">
      <UniqueIdentifier>{e4386620-0aef-472b-9077-36e384650748}</UniqueIdentifier>
    </Filter>
    <Filter Include="Source Files\Tree-Analysis\AnalysisStrategy\TreeAnalyzerStrategy">
      <UniqueIdentifier>{6679ab2d-81a4-416c-9c99-47866524652a}</UniqueIdentifier>
    </Filter>
    <Filter Include="Source Files\Tree-Analysis\AnalysisStrategy\BatchCalculatorAnalyzerStrategy">
      <UniqueIdentifier>{ce94bd58-a319-4099-ba45-0032d135b8b9}</UniqueIdentifier>
    </Filter>
    <Filter Include="Source Files\Tree-Analysis\AnalysisStrategy\AnalyzerCreation">
      <UniqueIdentifier>{c6128c8c-b908-456f-9266-54603ca04da2}</UniqueIdentifier>
    </Filter>
    <Filter Include="Source Files\ResourceManager">
      <UniqueIdentifier>{685e94cb-5d5e-4e9c-90c4-b762d536928a}</UniqueIdentifier>
    </Filter>
    <Filter Include="Source Files\SystemParameters">
      <UniqueIdentifier>{25f4aa2b-8e95-4f27-a339-188e7efe47e4}</UniqueIdentifier>
    </Filter>
    <Filter Include="Source Files\To-Matrix\DistanceCalculator\CalculatorTools\MrBayes">
      <UniqueIdentifier>{8fa0b34c-4ecf-4d1a-a9ba-9db8b602e732}</UniqueIdentifier>
    </Filter>
    <Filter Include="Source Files\To-Matrix\Sequence_Data_Processing\InputFormatProcessor">
      <UniqueIdentifier>{cbf545cc-a258-4a50-89cc-f114d77b0473}</UniqueIdentifier>
    </Filter>
  </ItemGroup>
  <ItemGroup>
    <ClCompile Include="ForestTools.cpp">
      <Filter>Source Files</Filter>
    </ClCompile>
    <ClCompile Include="Tree.cpp">
      <Filter>Source Files\Tree-Analysis</Filter>
    </ClCompile>
    <ClCompile Include="PhyloTools.cpp">
      <Filter>Source Files\Tree-Analysis</Filter>
    </ClCompile>
    <ClCompile Include="PhyloAnalysis.cpp">
      <Filter>Source Files\Tree-Analysis</Filter>
    </ClCompile>
    <ClCompile Include="DistanceMatrixObject.cpp">
      <Filter>Source Files\To-Matrix</Filter>
    </ClCompile>
    <ClCompile Include="FileObjectManager.cpp">
      <Filter>Source Files\To-Matrix</Filter>
    </ClCompile>
    <ClCompile Include="SequenceDirectoryProcessor.cpp">
      <Filter>Source Files\To-Matrix\Sequence_Data_Processing</Filter>
    </ClCompile>
    <ClCompile Include="FileObject.cpp">
      <Filter>Source Files\To-Matrix\Sequence_Data_Processing</Filter>
    </ClCompile>
    <ClCompile Include="CalculatorAligner.cpp">
      <Filter>Source Files\To-Matrix\DistanceCalculator\CalculatorTools</Filter>
    </ClCompile>
    <ClCompile Include="PValueDistanceCalculator.cpp">
      <Filter>Source Files\To-Matrix\DistanceCalculator\DerivedCalculators</Filter>
    </ClCompile>
    <ClCompile Include="MrBayesDistanceCalculator.cpp">
      <Filter>Source Files\To-Matrix\DistanceCalculator\DerivedCalculators</Filter>
    </ClCompile>
    <ClCompile Include="LcsDistanceCalculator.cpp">
      <Filter>Source Files\To-Matrix\DistanceCalculator\DerivedCalculators</Filter>
    </ClCompile>
    <ClCompile Include="Aligned_InternalDMCalculator.cpp">
      <Filter>Source Files\To-Matrix\DistanceCalculator\BaseCalculators</Filter>
    </ClCompile>
    <ClCompile Include="CalculatorFastaFormatter.cpp">
      <Filter>Source Files\To-Matrix\DistanceCalculator\CalculatorTools</Filter>
    </ClCompile>
    <ClCompile Include="DistanceMeasureCalculator.cpp">
      <Filter>Source Files\To-Matrix\DistanceCalculator\BaseCalculators</Filter>
    </ClCompile>
    <ClCompile Include="BatchDistanceCalculators.cpp">
      <Filter>Source Files\To-Matrix\DistanceCalculator\DerivedCalculators</Filter>
    </ClCompile>
    <ClCompile Include="CalculatorFastaCompressor.cpp">
      <Filter>Source Files\To-Matrix\DistanceCalculator\CalculatorTools</Filter>
    </ClCompile>
    <ClCompile Include="Unaligned_InternalDMCalculator.cpp">
      <Filter>Source Files\To-Matrix\DistanceCalculator\BaseCalculators</Filter>
    </ClCompile>
    <ClCompile Include="SequenceListsGenerator.cpp">
      <Filter>Source Files\To-Matrix\DistanceCalculator\CalculatorTools</Filter>
    </ClCompile>
    <ClCompile Include="AlignedDistanceMeasureCalculator.cpp">
      <Filter>Source Files\To-Matrix\DistanceCalculator\BaseCalculators</Filter>
    </ClCompile>
    <ClCompile Include="NcdDistanceCalculator.cpp">
      <Filter>Source Files\To-Matrix\DistanceCalculator\DerivedCalculators</Filter>
    </ClCompile>
    <ClCompile Include="InternalCalculatorTools.cpp">
      <Filter>Source Files\To-Matrix\DistanceCalculator\CalculatorTools</Filter>
    </ClCompile>
    <ClCompile Include="SequenceNamesDescriptionStrategy.cpp">
      <Filter>Source Files\To-Matrix\Sequence_Data_Processing\NamingStrategy</Filter>
    </ClCompile>
    <ClCompile Include="SequenceNamesUnorderedFastaStrategy.cpp">
      <Filter>Source Files\To-Matrix\Sequence_Data_Processing\NamingStrategy</Filter>
    </ClCompile>
    <ClCompile Include="SequenceNamesOrderedCustomStrategy.cpp">
      <Filter>Source Files\To-Matrix\Sequence_Data_Processing\NamingStrategy</Filter>
    </ClCompile>
    <ClCompile Include="SequenceNamesIDStrategy.cpp">
      <Filter>Source Files\To-Matrix\Sequence_Data_Processing\NamingStrategy</Filter>
    </ClCompile>
    <ClCompile Include="CalculatorFactory.cpp">
      <Filter>Source Files\To-Matrix\DistanceCalculator\BaseCalculators\CalculatorCreation</Filter>
    </ClCompile>
    <ClCompile Include="CalculatorType.cpp">
      <Filter>Source Files\To-Matrix\DistanceCalculator\BaseCalculators\CalculatorCreation</Filter>
    </ClCompile>
    <ClCompile Include="CompleteTreeAnalyzer.cpp">
      <Filter>Source Files\Tree-Analysis\AnalysisStrategy\TreeAnalyzerStrategy</Filter>
    </ClCompile>
    <ClCompile Include="LargeTreeAnalyzer.cpp">
      <Filter>Source Files\Tree-Analysis\AnalysisStrategy\TreeAnalyzerStrategy</Filter>
    </ClCompile>
    <ClCompile Include="TreeAnalyzer.cpp">
      <Filter>Source Files\Tree-Analysis\AnalysisStrategy\TreeAnalyzerStrategy</Filter>
    </ClCompile>
    <ClCompile Include="BatchCalculatorsAnalyzer.cpp">
      <Filter>Source Files\Tree-Analysis\AnalysisStrategy\BatchCalculatorAnalyzerStrategy</Filter>
    </ClCompile>
    <ClCompile Include="AnalyzerFactory.cpp">
      <Filter>Source Files\Tree-Analysis\AnalysisStrategy\AnalyzerCreation</Filter>
    </ClCompile>
    <ClCompile Include="AnalyzerType.cpp">
      <Filter>Source Files\Tree-Analysis\AnalysisStrategy\AnalyzerCreation</Filter>
    </ClCompile>
    <ClCompile Include="NullBatchCalculatorsAnalyzer.cpp">
      <Filter>Source Files\Tree-Analysis\AnalysisStrategy\BatchCalculatorAnalyzerStrategy</Filter>
    </ClCompile>
    <ClCompile Include="DynamicSizedArray.cpp">
      <Filter>Source Files\ResourceManager</Filter>
    </ClCompile>
    <ClCompile Include="SystemParameters.cpp">
      <Filter>Source Files\SystemParameters</Filter>
    </ClCompile>
    <ClCompile Include="ForestPlug.cpp">
      <Filter>Source Files</Filter>
    </ClCompile>
    <ClCompile Include="CalculatorNexusFormatter.cpp">
      <Filter>Source Files\To-Matrix\DistanceCalculator\CalculatorTools\MrBayes</Filter>
    </ClCompile>
    <ClCompile Include="MrBayesDataType.cpp">
      <Filter>Source Files\To-Matrix\DistanceCalculator\CalculatorTools\MrBayes</Filter>
    </ClCompile>
    <ClCompile Include="SequenceFileProcessor.cpp">
      <Filter>Source Files\To-Matrix\Sequence_Data_Processing\InputFormatProcessor</Filter>
    </ClCompile>
    <ClCompile Include="NexusFormatProcessor.cpp">
      <Filter>Source Files\To-Matrix\Sequence_Data_Processing\InputFormatProcessor</Filter>
    </ClCompile>
    <ClCompile Include="SequenceNamesNexusStrategy.cpp">
      <Filter>Source Files\To-Matrix\Sequence_Data_Processing\NamingStrategy</Filter>
    </ClCompile>
    <ClCompile Include="CompareTreeCalculator.cpp">
      <Filter>Source Files\To-Matrix\DistanceCalculator\DerivedCalculators</Filter>
    </ClCompile>
    <ClCompile Include="NullDistanceMeasureCalculator.cpp">
      <Filter>Source Files\To-Matrix\DistanceCalculator\BaseCalculators</Filter>
    </ClCompile>
  </ItemGroup>
  <ItemGroup>
    <ClInclude Include="Tree.h">
      <Filter>Source Files\Tree-Analysis</Filter>
    </ClInclude>
    <ClInclude Include="PhyloTools.h">
      <Filter>Source Files\Tree-Analysis</Filter>
    </ClInclude>
    <ClInclude Include="PhyloAnalysis.h">
      <Filter>Source Files\Tree-Analysis</Filter>
    </ClInclude>
    <ClInclude Include="DistanceMatrixObject.h">
      <Filter>Source Files\To-Matrix</Filter>
    </ClInclude>
    <ClInclude Include="FileObjectManager.h">
      <Filter>Source Files\To-Matrix</Filter>
    </ClInclude>
    <ClInclude Include="SequenceProcessorType.h">
      <Filter>Source Files\To-Matrix\Sequence_Data_Processing</Filter>
    </ClInclude>
    <ClInclude Include="SequenceProcessor.h">
      <Filter>Source Files\To-Matrix\Sequence_Data_Processing</Filter>
    </ClInclude>
    <ClInclude Include="SequenceDirectoryProcessor.h">
      <Filter>Source Files\To-Matrix\Sequence_Data_Processing</Filter>
    </ClInclude>
    <ClInclude Include="FileObject.h">
      <Filter>Source Files\To-Matrix\Sequence_Data_Processing</Filter>
    </ClInclude>
    <ClInclude Include="CalculatorAligner.h">
      <Filter>Source Files\To-Matrix\DistanceCalculator\CalculatorTools</Filter>
    </ClInclude>
    <ClInclude Include="PValueDistanceCalculator.h">
      <Filter>Source Files\To-Matrix\DistanceCalculator\DerivedCalculators</Filter>
    </ClInclude>
    <ClInclude Include="MrBayesDistanceCalculator.h">
      <Filter>Source Files\To-Matrix\DistanceCalculator\DerivedCalculators</Filter>
    </ClInclude>
    <ClInclude Include="LcsDistanceCalculator.h">
      <Filter>Source Files\To-Matrix\DistanceCalculator\DerivedCalculators</Filter>
    </ClInclude>
    <ClInclude Include="Aligned_InternalDMCalculator.h">
      <Filter>Source Files\To-Matrix\DistanceCalculator\BaseCalculators</Filter>
    </ClInclude>
    <ClInclude Include="DistanceMeasureCalculator.h">
      <Filter>Source Files\To-Matrix\DistanceCalculator\BaseCalculators</Filter>
    </ClInclude>
    <ClInclude Include="CalculatorFastaFormatter.h">
      <Filter>Source Files\To-Matrix\DistanceCalculator\CalculatorTools</Filter>
    </ClInclude>
    <ClInclude Include="BatchDistanceCalculators.h">
      <Filter>Source Files\To-Matrix\DistanceCalculator\DerivedCalculators</Filter>
    </ClInclude>
    <ClInclude Include="NcdDistanceCalculator.h">
      <Filter>Source Files\To-Matrix\DistanceCalculator\DerivedCalculators</Filter>
    </ClInclude>
    <ClInclude Include="CalculatorFastaCompressor.h">
      <Filter>Source Files\To-Matrix\DistanceCalculator\CalculatorTools</Filter>
    </ClInclude>
    <ClInclude Include="VectorKeyCompare.h">
      <Filter>Source Files\To-Matrix\DistanceCalculator\CalculatorTools</Filter>
    </ClInclude>
    <ClInclude Include="Unaligned_InternalDMCalculator.h">
      <Filter>Source Files\To-Matrix\DistanceCalculator\BaseCalculators</Filter>
    </ClInclude>
    <ClInclude Include="SequenceListsGenerator.h">
      <Filter>Source Files\To-Matrix\DistanceCalculator\CalculatorTools</Filter>
    </ClInclude>
    <ClInclude Include="AlignedDistanceMeasureCalculator.h">
      <Filter>Source Files\To-Matrix\DistanceCalculator\BaseCalculators</Filter>
    </ClInclude>
    <ClInclude Include="InternalCalculatorTools.h">
      <Filter>Source Files\To-Matrix\DistanceCalculator\CalculatorTools</Filter>
    </ClInclude>
    <ClInclude Include="SequenceNamesStrategy.h">
      <Filter>Source Files\To-Matrix\Sequence_Data_Processing\NamingStrategy</Filter>
    </ClInclude>
    <ClInclude Include="SequenceNamesIDStrategy.h">
      <Filter>Source Files\To-Matrix\Sequence_Data_Processing\NamingStrategy</Filter>
    </ClInclude>
    <ClInclude Include="SequenceNamesDescriptionStrategy.h">
      <Filter>Source Files\To-Matrix\Sequence_Data_Processing\NamingStrategy</Filter>
    </ClInclude>
    <ClInclude Include="SequenceNamesOrderedCustomStrategy.h">
      <Filter>Source Files\To-Matrix\Sequence_Data_Processing\NamingStrategy</Filter>
    </ClInclude>
    <ClInclude Include="SequenceNamesUnorderedFastaStrategy.h">
      <Filter>Source Files\To-Matrix\Sequence_Data_Processing\NamingStrategy</Filter>
    </ClInclude>
    <ClInclude Include="CalculatorFactory.h">
      <Filter>Source Files\To-Matrix\DistanceCalculator\BaseCalculators\CalculatorCreation</Filter>
    </ClInclude>
    <ClInclude Include="RunFlags.h">
      <Filter>Source Files\To-Matrix\DistanceCalculator\BaseCalculators\CalculatorCreation</Filter>
    </ClInclude>
    <ClInclude Include="CalculatorType.h">
      <Filter>Source Files\To-Matrix\DistanceCalculator\BaseCalculators\CalculatorCreation</Filter>
    </ClInclude>
    <ClInclude Include="CalculatorsWrapper.h">
      <Filter>Source Files\To-Matrix\DistanceCalculator\BaseCalculators\CalculatorCreation</Filter>
    </ClInclude>
    <ClInclude Include="TreeAnalyzer.h">
      <Filter>Source Files\Tree-Analysis\AnalysisStrategy\TreeAnalyzerStrategy</Filter>
    </ClInclude>
    <ClInclude Include="CompleteTreeAnalyzer.h">
      <Filter>Source Files\Tree-Analysis\AnalysisStrategy\TreeAnalyzerStrategy</Filter>
    </ClInclude>
    <ClInclude Include="LargeTreeAnalyzer.h">
      <Filter>Source Files\Tree-Analysis\AnalysisStrategy\TreeAnalyzerStrategy</Filter>
    </ClInclude>
    <ClInclude Include="BatchCalculatorsAnalyzer.h">
      <Filter>Source Files\Tree-Analysis\AnalysisStrategy\BatchCalculatorAnalyzerStrategy</Filter>
    </ClInclude>
    <ClInclude Include="AnalyzerFactory.h">
      <Filter>Source Files\Tree-Analysis\AnalysisStrategy\AnalyzerCreation</Filter>
    </ClInclude>
    <ClInclude Include="AnalyzerType.h">
      <Filter>Source Files\Tree-Analysis\AnalysisStrategy\AnalyzerCreation</Filter>
    </ClInclude>
    <ClInclude Include="NullBatchCalculatorsAnalyzer.h">
      <Filter>Source Files\Tree-Analysis\AnalysisStrategy\BatchCalculatorAnalyzerStrategy</Filter>
    </ClInclude>
    <ClInclude Include="DynamicSizedArray.h">
      <Filter>Source Files\ResourceManager</Filter>
    </ClInclude>
    <ClInclude Include="SystemParameters.h">
      <Filter>Source Files\SystemParameters</Filter>
    </ClInclude>
    <ClInclude Include="OSParameters.h">
      <Filter>Source Files\SystemParameters</Filter>
    </ClInclude>
    <ClInclude Include="..\Framework\Framework.h">
      <Filter>Header Files</Filter>
    </ClInclude>
    <ClInclude Include="..\Framework\ProjectSettings.h">
      <Filter>Header Files</Filter>
    </ClInclude>
    <ClInclude Include="ForestPlug.h">
      <Filter>Source Files</Filter>
    </ClInclude>
    <ClInclude Include="CalculatorNexusFormatter.h">
      <Filter>Source Files\To-Matrix\DistanceCalculator\CalculatorTools\MrBayes</Filter>
    </ClInclude>
    <ClInclude Include="MrBayesDataType.h">
      <Filter>Source Files\To-Matrix\DistanceCalculator\CalculatorTools\MrBayes</Filter>
    </ClInclude>
    <ClInclude Include="SequenceFileProcessor.h">
      <Filter>Source Files\To-Matrix\Sequence_Data_Processing\InputFormatProcessor</Filter>
    </ClInclude>
    <ClInclude Include="NexusFormatProcessor.h">
      <Filter>Source Files\To-Matrix\Sequence_Data_Processing\InputFormatProcessor</Filter>
    </ClInclude>
    <ClInclude Include="SequenceNamesNexusStrategy.h">
      <Filter>Source Files\To-Matrix\Sequence_Data_Processing\NamingStrategy</Filter>
    </ClInclude>
    <ClInclude Include="InputSequenceFileSet.h">
      <Filter>Source Files\SystemParameters</Filter>
    </ClInclude>
    <ClInclude Include="CompareTreeCalculator.h">
      <Filter>Source Files\To-Matrix\DistanceCalculator\DerivedCalculators</Filter>
    </ClInclude>
    <ClInclude Include="NullDistanceMeasureCalculator.h">
      <Filter>Source Files\To-Matrix\DistanceCalculator\BaseCalculators</Filter>
    </ClInclude>
  </ItemGroup>
  <ItemGroup>
    <None Include="ClassDiagram.cd">
      <Filter>Source Files</Filter>
    </None>
  </ItemGroup>
</Project>